// !$*UTF8*$!
{
	archiveVersion = 1;
	classes = {
	};
	objectVersion = 46;
	objects = {

/* Begin PBXBuildFile section */
		DE62273B1BC4BCF20035726E /* AppDelegate.swift in Sources */ = {isa = PBXBuildFile; fileRef = DE62273A1BC4BCF20035726E /* AppDelegate.swift */; };
		DE62273D1BC4BCF20035726E /* ViewController.swift in Sources */ = {isa = PBXBuildFile; fileRef = DE62273C1BC4BCF20035726E /* ViewController.swift */; };
		DE6227401BC4BCF20035726E /* Main.storyboard in Resources */ = {isa = PBXBuildFile; fileRef = DE62273E1BC4BCF20035726E /* Main.storyboard */; };
		DE6227431BC4BCF20035726E /* begining_animations.xcdatamodeld in Sources */ = {isa = PBXBuildFile; fileRef = DE6227411BC4BCF20035726E /* begining_animations.xcdatamodeld */; };
		DE6227451BC4BCF20035726E /* Assets.xcassets in Resources */ = {isa = PBXBuildFile; fileRef = DE6227441BC4BCF20035726E /* Assets.xcassets */; };
		DE6227481BC4BCF20035726E /* LaunchScreen.storyboard in Resources */ = {isa = PBXBuildFile; fileRef = DE6227461BC4BCF20035726E /* LaunchScreen.storyboard */; };
		DE6227521BC4BDAF0035726E /* Camel_3-1.png in Resources */ = {isa = PBXBuildFile; fileRef = DE6227501BC4BDAF0035726E /* Camel_3-1.png */; settings = {ASSET_TAGS = (); }; };
		DE6227571BC4C0E30035726E /* Camel_3-2.png in Resources */ = {isa = PBXBuildFile; fileRef = DE6227561BC4C0E30035726E /* Camel_3-2.png */; settings = {ASSET_TAGS = (); }; };
/* End PBXBuildFile section */

/* Begin PBXFileReference section */
		DE6227371BC4BCF20035726E /* begining-animations.app */ = {isa = PBXFileReference; explicitFileType = wrapper.application; includeInIndex = 0; path = "begining-animations.app"; sourceTree = BUILT_PRODUCTS_DIR; };
		DE62273A1BC4BCF20035726E /* AppDelegate.swift */ = {isa = PBXFileReference; lastKnownFileType = sourcecode.swift; path = AppDelegate.swift; sourceTree = "<group>"; };
		DE62273C1BC4BCF20035726E /* ViewController.swift */ = {isa = PBXFileReference; lastKnownFileType = sourcecode.swift; path = ViewController.swift; sourceTree = "<group>"; };
		DE62273F1BC4BCF20035726E /* Base */ = {isa = PBXFileReference; lastKnownFileType = file.storyboard; name = Base; path = Base.lproj/Main.storyboard; sourceTree = "<group>"; };
		DE6227421BC4BCF20035726E /* begining_animations.xcdatamodel */ = {isa = PBXFileReference; lastKnownFileType = wrapper.xcdatamodel; path = begining_animations.xcdatamodel; sourceTree = "<group>"; };
		DE6227441BC4BCF20035726E /* Assets.xcassets */ = {isa = PBXFileReference; lastKnownFileType = folder.assetcatalog; path = Assets.xcassets; sourceTree = "<group>"; };
		DE6227471BC4BCF20035726E /* Base */ = {isa = PBXFileReference; lastKnownFileType = file.storyboard; name = Base; path = Base.lproj/LaunchScreen.storyboard; sourceTree = "<group>"; };
		DE6227491BC4BCF20035726E /* Info.plist */ = {isa = PBXFileReference; lastKnownFileType = text.plist.xml; path = Info.plist; sourceTree = "<group>"; };
		DE6227501BC4BDAF0035726E /* Camel_3-1.png */ = {isa = PBXFileReference; lastKnownFileType = image.png; name = "Camel_3-1.png"; path = "../Camel_3-1.png"; sourceTree = "<group>"; };
		DE6227561BC4C0E30035726E /* Camel_3-2.png */ = {isa = PBXFileReference; lastKnownFileType = image.png; path = "Camel_3-2.png"; sourceTree = "<group>"; };
/* End PBXFileReference section */

/* Begin PBXFrameworksBuildPhase section */
		DE6227341BC4BCF20035726E /* Frameworks */ = {
			isa = PBXFrameworksBuildPhase;
			buildActionMask = 2147483647;
			files = (
			);
			runOnlyForDeploymentPostprocessing = 0;
		};
/* End PBXFrameworksBuildPhase section */

/* Begin PBXGroup section */
		DE62272E1BC4BCF20035726E = {
			isa = PBXGroup;
			children = (
				DE6227391BC4BCF20035726E /* begining-animations */,
				DE6227381BC4BCF20035726E /* Products */,
				DE6227531BC4BDB60035726E /* images */,
			);
			sourceTree = "<group>";
		};
		DE6227381BC4BCF20035726E /* Products */ = {
			isa = PBXGroup;
			children = (
				DE6227371BC4BCF20035726E /* begining-animations.app */,
			);
			name = Products;
			sourceTree = "<group>";
		};
		DE6227391BC4BCF20035726E /* begining-animations */ = {
			isa = PBXGroup;
			children = (
				DE6227501BC4BDAF0035726E /* Camel_3-1.png */,
				DE62273A1BC4BCF20035726E /* AppDelegate.swift */,
				DE62273C1BC4BCF20035726E /* ViewController.swift */,
				DE62273E1BC4BCF20035726E /* Main.storyboard */,
				DE6227561BC4C0E30035726E /* Camel_3-2.png */,
				DE6227441BC4BCF20035726E /* Assets.xcassets */,
				DE6227461BC4BCF20035726E /* LaunchScreen.storyboard */,
				DE6227491BC4BCF20035726E /* Info.plist */,
				DE6227411BC4BCF20035726E /* begining_animations.xcdatamodeld */,
			);
			path = "begining-animations";
			sourceTree = "<group>";
		};
		DE6227531BC4BDB60035726E /* images */ = {
			isa = PBXGroup;
			children = (
			);
			name = images;
			sourceTree = "<group>";
		};
/* End PBXGroup section */

/* Begin PBXNativeTarget section */
		DE6227361BC4BCF20035726E /* begining-animations */ = {
			isa = PBXNativeTarget;
			buildConfigurationList = DE62274C1BC4BCF20035726E /* Build configuration list for PBXNativeTarget "begining-animations" */;
			buildPhases = (
				DE6227331BC4BCF20035726E /* Sources */,
				DE6227341BC4BCF20035726E /* Frameworks */,
				DE6227351BC4BCF20035726E /* Resources */,
			);
			buildRules = (
			);
			dependencies = (
			);
			name = "begining-animations";
			productName = "begining-animations";
			productReference = DE6227371BC4BCF20035726E /* begining-animations.app */;
			productType = "com.apple.product-type.application";
		};
/* End PBXNativeTarget section */

/* Begin PBXProject section */
		DE62272F1BC4BCF20035726E /* Project object */ = {
			isa = PBXProject;
			attributes = {
				LastUpgradeCheck = 0700;
				ORGANIZATIONNAME = HashRocket;
				TargetAttributes = {
					DE6227361BC4BCF20035726E = {
						CreatedOnToolsVersion = 7.0.1;
					};
				};
			};
			buildConfigurationList = DE6227321BC4BCF20035726E /* Build configuration list for PBXProject "begining-animations" */;
			compatibilityVersion = "Xcode 3.2";
			developmentRegion = English;
			hasScannedForEncodings = 0;
			knownRegions = (
				en,
				Base,
			);
			mainGroup = DE62272E1BC4BCF20035726E;
			productRefGroup = DE6227381BC4BCF20035726E /* Products */;
			projectDirPath = "";
			projectRoot = "";
			targets = (
				DE6227361BC4BCF20035726E /* begining-animations */,
			);
		};
/* End PBXProject section */

/* Begin PBXResourcesBuildPhase section */
		DE6227351BC4BCF20035726E /* Resources */ = {
			isa = PBXResourcesBuildPhase;
			buildActionMask = 2147483647;
			files = (
				DE6227571BC4C0E30035726E /* Camel_3-2.png in Resources */,
				DE6227481BC4BCF20035726E /* LaunchScreen.storyboard in Resources */,
				DE6227451BC4BCF20035726E /* Assets.xcassets in Resources */,
				DE6227521BC4BDAF0035726E /* Camel_3-1.png in Resources */,
				DE6227401BC4BCF20035726E /* Main.storyboard in Resources */,
			);
			runOnlyForDeploymentPostprocessing = 0;
		};
/* End PBXResourcesBuildPhase section */

/* Begin PBXSourcesBuildPhase section */
		DE6227331BC4BCF20035726E /* Sources */ = {
			isa = PBXSourcesBuildPhase;
			buildActionMask = 2147483647;
			files = (
				DE6227431BC4BCF20035726E /* begining_animations.xcdatamodeld in Sources */,
				DE62273D1BC4BCF20035726E /* ViewController.swift in Sources */,
				DE62273B1BC4BCF20035726E /* AppDelegate.swift in Sources */,
			);
			runOnlyForDeploymentPostprocessing = 0;
		};
/* End PBXSourcesBuildPhase section */

/* Begin PBXVariantGroup section */
		DE62273E1BC4BCF20035726E /* Main.storyboard */ = {
			isa = PBXVariantGroup;
			children = (
				DE62273F1BC4BCF20035726E /* Base */,
			);
			name = Main.storyboard;
			sourceTree = "<group>";
		};
		DE6227461BC4BCF20035726E /* LaunchScreen.storyboard */ = {
			isa = PBXVariantGroup;
			children = (
				DE6227471BC4BCF20035726E /* Base */,
			);
			name = LaunchScreen.storyboard;
			sourceTree = "<group>";
		};
/* End PBXVariantGroup section */

/* Begin XCBuildConfiguration section */
		DE62274A1BC4BCF20035726E /* Debug */ = {
			isa = XCBuildConfiguration;
			buildSettings = {
				ALWAYS_SEARCH_USER_PATHS = NO;
				CLANG_CXX_LANGUAGE_STANDARD = "gnu++0x";
				CLANG_CXX_LIBRARY = "libc++";
				CLANG_ENABLE_MODULES = YES;
				CLANG_ENABLE_OBJC_ARC = YES;
				CLANG_WARN_BOOL_CONVERSION = YES;
				CLANG_WARN_CONSTANT_CONVERSION = YES;
				CLANG_WARN_DIRECT_OBJC_ISA_USAGE = YES_ERROR;
				CLANG_WARN_EMPTY_BODY = YES;
				CLANG_WARN_ENUM_CONVERSION = YES;
				CLANG_WARN_INT_CONVERSION = YES;
				CLANG_WARN_OBJC_ROOT_CLASS = YES_ERROR;
				CLANG_WARN_UNREACHABLE_CODE = YES;
				CLANG_WARN__DUPLICATE_METHOD_MATCH = YES;
				"CODE_SIGN_IDENTITY[sdk=iphoneos*]" = "iPhone Developer";
				COPY_PHASE_STRIP = NO;
				DEBUG_INFORMATION_FORMAT = dwarf;
				ENABLE_STRICT_OBJC_MSGSEND = YES;
				ENABLE_TESTABILITY = YES;
				GCC_C_LANGUAGE_STANDARD = gnu99;
				GCC_DYNAMIC_NO_PIC = NO;
				GCC_NO_COMMON_BLOCKS = YES;
				GCC_OPTIMIZATION_LEVEL = 0;
				GCC_PREPROCESSOR_DEFINITIONS = (
					"DEBUG=1",
					"$(inherited)",
				);
				GCC_WARN_64_TO_32_BIT_CONVERSION = YES;
				GCC_WARN_ABOUT_RETURN_TYPE = YES_ERROR;
				GCC_WARN_UNDECLARED_SELECTOR = YES;
				GCC_WARN_UNINITIALIZED_AUTOS = YES_AGGRESSIVE;
				GCC_WARN_UNUSED_FUNCTION = YES;
				GCC_WARN_UNUSED_VARIABLE = YES;
				IPHONEOS_DEPLOYMENT_TARGET = 9.0;
				MTL_ENABLE_DEBUG_INFO = YES;
				ONLY_ACTIVE_ARCH = YES;
				SDKROOT = iphoneos;
				SWIFT_OPTIMIZATION_LEVEL = "-Onone";
			};
			name = Debug;
		};
		DE62274B1BC4BCF20035726E /* Release */ = {
			isa = XCBuildConfiguration;
			buildSettings = {
				ALWAYS_SEARCH_USER_PATHS = NO;
				CLANG_CXX_LANGUAGE_STANDARD = "gnu++0x";
				CLANG_CXX_LIBRARY = "libc++";
				CLANG_ENABLE_MODULES = YES;
				CLANG_ENABLE_OBJC_ARC = YES;
				CLANG_WARN_BOOL_CONVERSION = YES;
				CLANG_WARN_CONSTANT_CONVERSION = YES;
				CLANG_WARN_DIRECT_OBJC_ISA_USAGE = YES_ERROR;
				CLANG_WARN_EMPTY_BODY = YES;
				CLANG_WARN_ENUM_CONVERSION = YES;
				CLANG_WARN_INT_CONVERSION = YES;
				CLANG_WARN_OBJC_ROOT_CLASS = YES_ERROR;
				CLANG_WARN_UNREACHABLE_CODE = YES;
				CLANG_WARN__DUPLICATE_METHOD_MATCH = YES;
				"CODE_SIGN_IDENTITY[sdk=iphoneos*]" = "iPhone Developer";
				COPY_PHASE_STRIP = NO;
				DEBUG_INFORMATION_FORMAT = "dwarf-with-dsym";
				ENABLE_NS_ASSERTIONS = NO;
				ENABLE_STRICT_OBJC_MSGSEND = YES;
				GCC_C_LANGUAGE_STANDARD = gnu99;
				GCC_NO_COMMON_BLOCKS = YES;
				GCC_WARN_64_TO_32_BIT_CONVERSION = YES;
				GCC_WARN_ABOUT_RETURN_TYPE = YES_ERROR;
				GCC_WARN_UNDECLARED_SELECTOR = YES;
				GCC_WARN_UNINITIALIZED_AUTOS = YES_AGGRESSIVE;
				GCC_WARN_UNUSED_FUNCTION = YES;
				GCC_WARN_UNUSED_VARIABLE = YES;
				IPHONEOS_DEPLOYMENT_TARGET = 9.0;
				MTL_ENABLE_DEBUG_INFO = NO;
				SDKROOT = iphoneos;
				VALIDATE_PRODUCT = YES;
			};
			name = Release;
		};
		DE62274D1BC4BCF20035726E /* Debug */ = {
			isa = XCBuildConfiguration;
			buildSettings = {
				ASSETCATALOG_COMPILER_APPICON_NAME = AppIcon;
				INFOPLIST_FILE = "begining-animations/Info.plist";
				LD_RUNPATH_SEARCH_PATHS = "$(inherited) @executable_path/Frameworks";
				PRODUCT_BUNDLE_IDENTIFIER = "Open-Sky-Media--LLC.begining-animations";
				PRODUCT_NAME = "$(TARGET_NAME)";
			};
			name = Debug;
		};
		DE62274E1BC4BCF20035726E /* Release */ = {
			isa = XCBuildConfiguration;
			buildSettings = {
				ASSETCATALOG_COMPILER_APPICON_NAME = AppIcon;
				INFOPLIST_FILE = "begining-animations/Info.plist";
				LD_RUNPATH_SEARCH_PATHS = "$(inherited) @executable_path/Frameworks";
				PRODUCT_BUNDLE_IDENTIFIER = "Open-Sky-Media--LLC.begining-animations";
				PRODUCT_NAME = "$(TARGET_NAME)";
			};
			name = Release;
		};
/* End XCBuildConfiguration section */

/* Begin XCConfigurationList section */
		DE6227321BC4BCF20035726E /* Build configuration list for PBXProject "begining-animations" */ = {
			isa = XCConfigurationList;
			buildConfigurations = (
				DE62274A1BC4BCF20035726E /* Debug */,
				DE62274B1BC4BCF20035726E /* Release */,
			);
			defaultConfigurationIsVisible = 0;
			defaultConfigurationName = Release;
		};
		DE62274C1BC4BCF20035726E /* Build configuration list for PBXNativeTarget "begining-animations" */ = {
			isa = XCConfigurationList;
			buildConfigurations = (
				DE62274D1BC4BCF20035726E /* Debug */,
				DE62274E1BC4BCF20035726E /* Release */,
			);
			defaultConfigurationIsVisible = 0;
		};
/* End XCConfigurationList section */

/* Begin XCVersionGroup section */
		DE6227411BC4BCF20035726E /* begining_animations.xcdatamodeld */ = {
			isa = XCVersionGroup;
			children = (
				DE6227421BC4BCF20035726E /* begining_animations.xcdatamodel */,
			);
			currentVersion = DE6227421BC4BCF20035726E /* begining_animations.xcdatamodel */;
			path = begining_animations.xcdatamodeld;
			sourceTree = "<group>";
			versionGroupType = wrapper.xcdatamodel;
		};
/* End XCVersionGroup section */
	};
	rootObject = DE62272F1BC4BCF20035726E /* Project object */;
}
